// !$*UTF8*$!
{
	archiveVersion = 1;
	classes = {
	};
	objectVersion = 46;
	objects = {

/* Begin PBXBuildFile section */
		60BE22CD1B4A0A2D00AC021D /* monte_square.cpp in Sources */ = {isa = PBXBuildFile; fileRef = 60BE22CC1B4A0A2D00AC021D /* monte_square.cpp */; };
/* End PBXBuildFile section */

/* Begin PBXCopyFilesBuildPhase section */
		60BE22BE1B4A098B00AC021D /* CopyFiles */ = {
			isa = PBXCopyFilesBuildPhase;
			buildActionMask = 2147483647;
			dstPath = /usr/share/man/man1/;
			dstSubfolderSpec = 0;
			files = (
			);
			runOnlyForDeploymentPostprocessing = 1;
		};
/* End PBXCopyFilesBuildPhase section */

/* Begin PBXFileReference section */
		60BE22C01B4A098B00AC021D /* Monte Carlo Simulation - Square */ = {isa = PBXFileReference; explicitFileType = "compiled.mach-o.executable"; includeInIndex = 0; path = "Monte Carlo Simulation - Square"; sourceTree = BUILT_PRODUCTS_DIR; };
		60BE22CC1B4A0A2D00AC021D /* monte_square.cpp */ = {isa = PBXFileReference; fileEncoding = 4; lastKnownFileType = sourcecode.cpp.cpp; name = monte_square.cpp; path = "Monte Carlo Simulation/monte_square.cpp"; sourceTree = SOURCE_ROOT; };
/* End PBXFileReference section */

/* Begin PBXFrameworksBuildPhase section */
		60BE22BD1B4A098B00AC021D /* Frameworks */ = {
			isa = PBXFrameworksBuildPhase;
			buildActionMask = 2147483647;
			files = (
			);
			runOnlyForDeploymentPostprocessing = 0;
		};
/* End PBXFrameworksBuildPhase section */

/* Begin PBXGroup section */
		60BE22B71B4A098B00AC021D = {
			isa = PBXGroup;
			children = (
				60BE22C21B4A098B00AC021D /* Monte Carlo Simulation */,
				60BE22C11B4A098B00AC021D /* Products */,
			);
			sourceTree = "<group>";
		};
		60BE22C11B4A098B00AC021D /* Products */ = {
			isa = PBXGroup;
			children = (
				60BE22C01B4A098B00AC021D /* Monte Carlo Simulation - Square */,
			);
			name = Products;
			sourceTree = "<group>";
		};
		60BE22C21B4A098B00AC021D /* Monte Carlo Simulation */ = {
			isa = PBXGroup;
			children = (
				60BE22CC1B4A0A2D00AC021D /* monte_square.cpp */,
			);
			name = "Monte Carlo Simulation";
			path = "Monte Carlo Simulation - Square";
			sourceTree = "<group>";
		};
/* End PBXGroup section */

/* Begin PBXNativeTarget section */
		60BE22BF1B4A098B00AC021D /* Monte Carlo Simulation - Square */ = {
			isa = PBXNativeTarget;
			buildConfigurationList = 60BE22C71B4A098B00AC021D /* Build configuration list for PBXNativeTarget "Monte Carlo Simulation - Square" */;
			buildPhases = (
				60BE22BC1B4A098B00AC021D /* Sources */,
				60BE22BD1B4A098B00AC021D /* Frameworks */,
				60BE22BE1B4A098B00AC021D /* CopyFiles */,
			);
			buildRules = (
			);
			dependencies = (
			);
			name = "Monte Carlo Simulation - Square";
			productName = "Monte Carlo Simulation - Square";
			productReference = 60BE22C01B4A098B00AC021D /* Monte Carlo Simulation - Square */;
			productType = "com.apple.product-type.tool";
		};
/* End PBXNativeTarget section */

/* Begin PBXProject section */
		60BE22B81B4A098B00AC021D /* Project object */ = {
			isa = PBXProject;
			attributes = {
				LastUpgradeCheck = 0630;
				ORGANIZATIONNAME = "Michelle Au";
				TargetAttributes = {
					60BE22BF1B4A098B00AC021D = {
						CreatedOnToolsVersion = 6.3.2;
					};
				};
			};
			buildConfigurationList = 60BE22BB1B4A098B00AC021D /* Build configuration list for PBXProject "Monte Carlo Simulation - Square" */;
			compatibilityVersion = "Xcode 3.2";
			developmentRegion = English;
			hasScannedForEncodings = 0;
			knownRegions = (
				en,
			);
			mainGroup = 60BE22B71B4A098B00AC021D;
			productRefGroup = 60BE22C11B4A098B00AC021D /* Products */;
			projectDirPath = "";
			projectRoot = "";
			targets = (
				60BE22BF1B4A098B00AC021D /* Monte Carlo Simulation - Square */,
			);
		};
/* End PBXProject section */

/* Begin PBXSourcesBuildPhase section */
		60BE22BC1B4A098B00AC021D /* Sources */ = {
			isa = PBXSourcesBuildPhase;
			buildActionMask = 2147483647;
			files = (
				60BE22CD1B4A0A2D00AC021D /* monte_square.cpp in Sources */,
			);
			runOnlyForDeploymentPostprocessing = 0;
		};
/* End PBXSourcesBuildPhase section */

/* Begin XCBuildConfiguration section */
		60BE22C51B4A098B00AC021D /* Debug */ = {
			isa = XCBuildConfiguration;
			buildSettings = {
				ALWAYS_SEARCH_USER_PATHS = NO;
				CLANG_CXX_LANGUAGE_STANDARD = "gnu++0x";
				CLANG_CXX_LIBRARY = "libc++";
				CLANG_ENABLE_MODULES = YES;
				CLANG_ENABLE_OBJC_ARC = YES;
				CLANG_WARN_BOOL_CONVERSION = YES;
				CLANG_WARN_CONSTANT_CONVERSION = YES;
				CLANG_WARN_DIRECT_OBJC_ISA_USAGE = YES_ERROR;
				CLANG_WARN_EMPTY_BODY = YES;
				CLANG_WARN_ENUM_CONVERSION = YES;
				CLANG_WARN_INT_CONVERSION = YES;
				CLANG_WARN_OBJC_ROOT_CLASS = YES_ERROR;
				CLANG_WARN_UNREACHABLE_CODE = YES;
				CLANG_WARN__DUPLICATE_METHOD_MATCH = YES;
				COPY_PHASE_STRIP = NO;
				DEBUG_INFORMATION_FORMAT = dwarf;
				ENABLE_STRICT_OBJC_MSGSEND = YES;
				GCC_C_LANGUAGE_STANDARD = gnu99;
				GCC_DYNAMIC_NO_PIC = NO;
				GCC_NO_COMMON_BLOCKS = YES;
				GCC_OPTIMIZATION_LEVEL = 0;
				GCC_PREPROCESSOR_DEFINITIONS = (
					"DEBUG=1",
					"$(inherited)",
				);
				GCC_SYMBOLS_PRIVATE_EXTERN = NO;
				GCC_WARN_64_TO_32_BIT_CONVERSION = YES;
				GCC_WARN_ABOUT_RETURN_TYPE = YES_ERROR;
				GCC_WARN_UNDECLARED_SELECTOR = YES;
				GCC_WARN_UNINITIALIZED_AUTOS = YES_AGGRESSIVE;
				GCC_WARN_UNUSED_FUNCTION = YES;
				GCC_WARN_UNUSED_VARIABLE = YES;
				MACOSX_DEPLOYMENT_TARGET = 10.10;
				MTL_ENABLE_DEBUG_INFO = YES;
				ONLY_ACTIVE_ARCH = YES;
				SDKROOT = macosx;
			};
			name = Debug;
		};
		60BE22C61B4A098B00AC021D /* Release */ = {
			isa = XCBuildConfiguration;
			buildSettings = {
				ALWAYS_SEARCH_USER_PATHS = NO;
				CLANG_CXX_LANGUAGE_STANDARD = "gnu++0x";
				CLANG_CXX_LIBRARY = "libc++";
				CLANG_ENABLE_MODULES = YES;
				CLANG_ENABLE_OBJC_ARC = YES;
				CLANG_WARN_BOOL_CONVERSION = YES;
				CLANG_WARN_CONSTANT_CONVERSION = YES;
				CLANG_WARN_DIRECT_OBJC_ISA_USAGE = YES_ERROR;
				CLANG_WARN_EMPTY_BODY = YES;
				CLANG_WARN_ENUM_CONVERSION = YES;
				CLANG_WARN_INT_CONVERSION = YES;
				CLANG_WARN_OBJC_ROOT_CLASS = YES_ERROR;
				CLANG_WARN_UNREACHABLE_CODE = YES;
				CLANG_WARN__DUPLICATE_METHOD_MATCH = YES;
				COPY_PHASE_STRIP = NO;
				DEBUG_INFORMATION_FORMAT = "dwarf-with-dsym";
				ENABLE_NS_ASSERTIONS = NO;
				ENABLE_STRICT_OBJC_MSGSEND = YES;
				GCC_C_LANGUAGE_STANDARD = gnu99;
				GCC_NO_COMMON_BLOCKS = YES;
				GCC_WARN_64_TO_32_BIT_CONVERSION = YES;
				GCC_WARN_ABOUT_RETURN_TYPE = YES_ERROR;
				GCC_WARN_UNDECLARED_SELECTOR = YES;
				GCC_WARN_UNINITIALIZED_AUTOS = YES_AGGRESSIVE;
				GCC_WARN_UNUSED_FUNCTION = YES;
				GCC_WARN_UNUSED_VARIABLE = YES;
				MACOSX_DEPLOYMENT_TARGET = 10.10;
				MTL_ENABLE_DEBUG_INFO = NO;
				SDKROOT = macosx;
			};
			name = Release;
		};
		60BE22C81B4A098B00AC021D /* Debug */ = {
			isa = XCBuildConfiguration;
			buildSettings = {
				PRODUCT_NAME = "$(TARGET_NAME)";
			};
			name = Debug;
		};
		60BE22C91B4A098B00AC021D /* Release */ = {
			isa = XCBuildConfiguration;
			buildSettings = {
				PRODUCT_NAME = "$(TARGET_NAME)";
			};
			name = Release;
		};
/* End XCBuildConfiguration section */

/* Begin XCConfigurationList section */
		60BE22BB1B4A098B00AC021D /* Build configuration list for PBXProject "Monte Carlo Simulation - Square" */ = {
			isa = XCConfigurationList;
			buildConfigurations = (
				60BE22C51B4A098B00AC021D /* Debug */,
				60BE22C61B4A098B00AC021D /* Release */,
			);
			defaultConfigurationIsVisible = 0;
			defaultConfigurationName = Release;
		};
		60BE22C71B4A098B00AC021D /* Build configuration list for PBXNativeTarget "Monte Carlo Simulation - Square" */ = {
			isa = XCConfigurationList;
			buildConfigurations = (
				60BE22C81B4A098B00AC021D /* Debug */,
				60BE22C91B4A098B00AC021D /* Release */,
			);
			defaultConfigurationIsVisible = 0;
			defaultConfigurationName = Release;
		};
/* End XCConfigurationList section */
	};
	rootObject = 60BE22B81B4A098B00AC021D /* Project object */;
}
