// !$*UTF8*$!
{
	archiveVersion = 1;
	classes = {
	};
	objectVersion = 46;
	objects = {

/* Begin PBXBuildFile section */
		60D9A91A1ADF1A760041CBC2 /* monte_ring.cpp in Sources */ = {isa = PBXBuildFile; fileRef = 60D9A9191ADF1A760041CBC2 /* monte_ring.cpp */; };
/* End PBXBuildFile section */

/* Begin PBXCopyFilesBuildPhase section */
		60D9A9141ADF1A760041CBC2 /* CopyFiles */ = {
			isa = PBXCopyFilesBuildPhase;
			buildActionMask = 2147483647;
			dstPath = /usr/share/man/man1/;
			dstSubfolderSpec = 0;
			files = (
			);
			runOnlyForDeploymentPostprocessing = 1;
		};
/* End PBXCopyFilesBuildPhase section */

/* Begin PBXFileReference section */
		60D9A9161ADF1A760041CBC2 /* Monte Carlo Simulation - Ring */ = {isa = PBXFileReference; explicitFileType = "compiled.mach-o.executable"; includeInIndex = 0; path = "Monte Carlo Simulation - Ring"; sourceTree = BUILT_PRODUCTS_DIR; };
		60D9A9191ADF1A760041CBC2 /* monte_ring.cpp */ = {isa = PBXFileReference; lastKnownFileType = sourcecode.cpp.cpp; path = monte_ring.cpp; sourceTree = "<group>"; };
/* End PBXFileReference section */

/* Begin PBXFrameworksBuildPhase section */
		60D9A9131ADF1A760041CBC2 /* Frameworks */ = {
			isa = PBXFrameworksBuildPhase;
			buildActionMask = 2147483647;
			files = (
			);
			runOnlyForDeploymentPostprocessing = 0;
		};
/* End PBXFrameworksBuildPhase section */

/* Begin PBXGroup section */
		60D9A90D1ADF1A760041CBC2 = {
			isa = PBXGroup;
			children = (
				60D9A9181ADF1A760041CBC2 /* Monte Carlo Simulation */,
				60D9A9171ADF1A760041CBC2 /* Products */,
			);
			sourceTree = "<group>";
		};
		60D9A9171ADF1A760041CBC2 /* Products */ = {
			isa = PBXGroup;
			children = (
				60D9A9161ADF1A760041CBC2 /* Monte Carlo Simulation - Ring */,
			);
			name = Products;
			sourceTree = "<group>";
		};
		60D9A9181ADF1A760041CBC2 /* Monte Carlo Simulation */ = {
			isa = PBXGroup;
			children = (
				60D9A9191ADF1A760041CBC2 /* monte_ring.cpp */,
			);
			path = "Monte Carlo Simulation";
			sourceTree = "<group>";
		};
/* End PBXGroup section */

/* Begin PBXNativeTarget section */
		60D9A9151ADF1A760041CBC2 /* Monte Carlo Simulation - Ring */ = {
			isa = PBXNativeTarget;
			buildConfigurationList = 60D9A91D1ADF1A760041CBC2 /* Build configuration list for PBXNativeTarget "Monte Carlo Simulation - Ring" */;
			buildPhases = (
				60D9A9121ADF1A760041CBC2 /* Sources */,
				60D9A9131ADF1A760041CBC2 /* Frameworks */,
				60D9A9141ADF1A760041CBC2 /* CopyFiles */,
			);
			buildRules = (
			);
			dependencies = (
			);
			name = "Monte Carlo Simulation - Ring";
			productName = "Monte Carlo Simulation";
			productReference = 60D9A9161ADF1A760041CBC2 /* Monte Carlo Simulation - Ring */;
			productType = "com.apple.product-type.tool";
		};
/* End PBXNativeTarget section */

/* Begin PBXProject section */
		60D9A90E1ADF1A760041CBC2 /* Project object */ = {
			isa = PBXProject;
			attributes = {
				LastUpgradeCheck = 0620;
				ORGANIZATIONNAME = "Michelle Au";
				TargetAttributes = {
					60D9A9151ADF1A760041CBC2 = {
						CreatedOnToolsVersion = 6.2;
					};
				};
			};
			buildConfigurationList = 60D9A9111ADF1A760041CBC2 /* Build configuration list for PBXProject "Monte Carlo Simulation - Ring" */;
			compatibilityVersion = "Xcode 3.2";
			developmentRegion = English;
			hasScannedForEncodings = 0;
			knownRegions = (
				en,
			);
			mainGroup = 60D9A90D1ADF1A760041CBC2;
			productRefGroup = 60D9A9171ADF1A760041CBC2 /* Products */;
			projectDirPath = "";
			projectRoot = "";
			targets = (
				60D9A9151ADF1A760041CBC2 /* Monte Carlo Simulation - Ring */,
			);
		};
/* End PBXProject section */

/* Begin PBXSourcesBuildPhase section */
		60D9A9121ADF1A760041CBC2 /* Sources */ = {
			isa = PBXSourcesBuildPhase;
			buildActionMask = 2147483647;
			files = (
				60D9A91A1ADF1A760041CBC2 /* monte_ring.cpp in Sources */,
			);
			runOnlyForDeploymentPostprocessing = 0;
		};
/* End PBXSourcesBuildPhase section */

/* Begin XCBuildConfiguration section */
		60D9A91B1ADF1A760041CBC2 /* Debug */ = {
			isa = XCBuildConfiguration;
			buildSettings = {
				ALWAYS_SEARCH_USER_PATHS = NO;
				CLANG_CXX_LANGUAGE_STANDARD = "gnu++0x";
				CLANG_CXX_LIBRARY = "libc++";
				CLANG_ENABLE_MODULES = YES;
				CLANG_ENABLE_OBJC_ARC = YES;
				CLANG_WARN_BOOL_CONVERSION = YES;
				CLANG_WARN_CONSTANT_CONVERSION = YES;
				CLANG_WARN_DIRECT_OBJC_ISA_USAGE = YES_ERROR;
				CLANG_WARN_EMPTY_BODY = YES;
				CLANG_WARN_ENUM_CONVERSION = YES;
				CLANG_WARN_INT_CONVERSION = YES;
				CLANG_WARN_OBJC_ROOT_CLASS = YES_ERROR;
				CLANG_WARN_UNREACHABLE_CODE = YES;
				CLANG_WARN__DUPLICATE_METHOD_MATCH = YES;
				COPY_PHASE_STRIP = NO;
				ENABLE_STRICT_OBJC_MSGSEND = YES;
				GCC_C_LANGUAGE_STANDARD = gnu99;
				GCC_DYNAMIC_NO_PIC = NO;
				GCC_OPTIMIZATION_LEVEL = 0;
				GCC_PREPROCESSOR_DEFINITIONS = (
					"DEBUG=1",
					"$(inherited)",
				);
				GCC_SYMBOLS_PRIVATE_EXTERN = NO;
				GCC_WARN_64_TO_32_BIT_CONVERSION = YES;
				GCC_WARN_ABOUT_RETURN_TYPE = YES_ERROR;
				GCC_WARN_UNDECLARED_SELECTOR = YES;
				GCC_WARN_UNINITIALIZED_AUTOS = YES_AGGRESSIVE;
				GCC_WARN_UNUSED_FUNCTION = YES;
				GCC_WARN_UNUSED_VARIABLE = YES;
				MACOSX_DEPLOYMENT_TARGET = 10.10;
				MTL_ENABLE_DEBUG_INFO = YES;
				ONLY_ACTIVE_ARCH = YES;
				SDKROOT = macosx;
			};
			name = Debug;
		};
		60D9A91C1ADF1A760041CBC2 /* Release */ = {
			isa = XCBuildConfiguration;
			buildSettings = {
				ALWAYS_SEARCH_USER_PATHS = NO;
				CLANG_CXX_LANGUAGE_STANDARD = "gnu++0x";
				CLANG_CXX_LIBRARY = "libc++";
				CLANG_ENABLE_MODULES = YES;
				CLANG_ENABLE_OBJC_ARC = YES;
				CLANG_WARN_BOOL_CONVERSION = YES;
				CLANG_WARN_CONSTANT_CONVERSION = YES;
				CLANG_WARN_DIRECT_OBJC_ISA_USAGE = YES_ERROR;
				CLANG_WARN_EMPTY_BODY = YES;
				CLANG_WARN_ENUM_CONVERSION = YES;
				CLANG_WARN_INT_CONVERSION = YES;
				CLANG_WARN_OBJC_ROOT_CLASS = YES_ERROR;
				CLANG_WARN_UNREACHABLE_CODE = YES;
				CLANG_WARN__DUPLICATE_METHOD_MATCH = YES;
				COPY_PHASE_STRIP = NO;
				DEBUG_INFORMATION_FORMAT = "dwarf-with-dsym";
				ENABLE_NS_ASSERTIONS = NO;
				ENABLE_STRICT_OBJC_MSGSEND = YES;
				GCC_C_LANGUAGE_STANDARD = gnu99;
				GCC_WARN_64_TO_32_BIT_CONVERSION = YES;
				GCC_WARN_ABOUT_RETURN_TYPE = YES_ERROR;
				GCC_WARN_UNDECLARED_SELECTOR = YES;
				GCC_WARN_UNINITIALIZED_AUTOS = YES_AGGRESSIVE;
				GCC_WARN_UNUSED_FUNCTION = YES;
				GCC_WARN_UNUSED_VARIABLE = YES;
				MACOSX_DEPLOYMENT_TARGET = 10.10;
				MTL_ENABLE_DEBUG_INFO = NO;
				SDKROOT = macosx;
			};
			name = Release;
		};
		60D9A91E1ADF1A760041CBC2 /* Debug */ = {
			isa = XCBuildConfiguration;
			buildSettings = {
				PRODUCT_NAME = "Monte Carlo Simulation - Ring";
			};
			name = Debug;
		};
		60D9A91F1ADF1A760041CBC2 /* Release */ = {
			isa = XCBuildConfiguration;
			buildSettings = {
				PRODUCT_NAME = "Monte Carlo Simulation - Ring";
			};
			name = Release;
		};
/* End XCBuildConfiguration section */

/* Begin XCConfigurationList section */
		60D9A9111ADF1A760041CBC2 /* Build configuration list for PBXProject "Monte Carlo Simulation - Ring" */ = {
			isa = XCConfigurationList;
			buildConfigurations = (
				60D9A91B1ADF1A760041CBC2 /* Debug */,
				60D9A91C1ADF1A760041CBC2 /* Release */,
			);
			defaultConfigurationIsVisible = 0;
			defaultConfigurationName = Release;
		};
		60D9A91D1ADF1A760041CBC2 /* Build configuration list for PBXNativeTarget "Monte Carlo Simulation - Ring" */ = {
			isa = XCConfigurationList;
			buildConfigurations = (
				60D9A91E1ADF1A760041CBC2 /* Debug */,
				60D9A91F1ADF1A760041CBC2 /* Release */,
			);
			defaultConfigurationIsVisible = 0;
			defaultConfigurationName = Release;
		};
/* End XCConfigurationList section */
	};
	rootObject = 60D9A90E1ADF1A760041CBC2 /* Project object */;
}
